
Microsoft Visual Studio Solution File, Format Version 12.00
# Visual Studio 15
VisualStudioVersion = 15.0.27130.2024
MinimumVisualStudioVersion = 10.0.40219.1
Project("{FAE04EC0-301F-11D3-BF4B-00C04F79EFBC}") = "SportsProUserInterface", "SportsProUserInterface\SportsProUserInterface.csproj", "{DD587D93-9CE3-414F-89E1-1DD63F23ACB7}"
EndProject
Project("{FAE04EC0-301F-11D3-BF4B-00C04F79EFBC}") = "SportsProBusinessClassLibrary", "SportsProBusinessClassLibrary\SportsProBusinessClassLibrary.csproj", "{DC077961-B5AB-422A-B9C7-85E015183B88}"
EndProject
Project("{FAE04EC0-301F-11D3-BF4B-00C04F79EFBC}") = "SportsProDataAccessClassLibrary", "SportsProDataAccessClassLibrary\SportsProDataAccessClassLibrary.csproj", "{AACA131D-849F-4C44-BD5C-AAB45877708C}"
EndProject
Global
	GlobalSection(SolutionConfigurationPlatforms) = preSolution
		Debug|Any CPU = Debug|Any CPU
		Release|Any CPU = Release|Any CPU
	EndGlobalSection
	GlobalSection(ProjectConfigurationPlatforms) = postSolution
		{DD587D93-9CE3-414F-89E1-1DD63F23ACB7}.Debug|Any CPU.ActiveCfg = Debug|Any CPU
		{DD587D93-9CE3-414F-89E1-1DD63F23ACB7}.Debug|Any CPU.Build.0 = Debug|Any CPU
		{DD587D93-9CE3-414F-89E1-1DD63F23ACB7}.Release|Any CPU.ActiveCfg = Release|Any CPU
		{DD587D93-9CE3-414F-89E1-1DD63F23ACB7}.Release|Any CPU.Build.0 = Release|Any CPU
		{DC077961-B5AB-422A-B9C7-85E015183B88}.Debug|Any CPU.ActiveCfg = Debug|Any CPU
		{DC077961-B5AB-422A-B9C7-85E015183B88}.Debug|Any CPU.Build.0 = Debug|Any CPU
		{DC077961-B5AB-422A-B9C7-85E015183B88}.Release|Any CPU.ActiveCfg = Release|Any CPU
		{DC077961-B5AB-422A-B9C7-85E015183B88}.Release|Any CPU.Build.0 = Release|Any CPU
		{AACA131D-849F-4C44-BD5C-AAB45877708C}.Debug|Any CPU.ActiveCfg = Debug|Any CPU
		{AACA131D-849F-4C44-BD5C-AAB45877708C}.Debug|Any CPU.Build.0 = Debug|Any CPU
		{AACA131D-849F-4C44-BD5C-AAB45877708C}.Release|Any CPU.ActiveCfg = Release|Any CPU
		{AACA131D-849F-4C44-BD5C-AAB45877708C}.Release|Any CPU.Build.0 = Release|Any CPU
	EndGlobalSection
	GlobalSection(SolutionProperties) = preSolution
		HideSolutionNode = FALSE
	EndGlobalSection
	GlobalSection(ExtensibilityGlobals) = postSolution
		SolutionGuid = {378977A0-5FF1-489B-8CDF-E15BE40E0DC0}
	EndGlobalSection
EndGlobal
